
Microsoft Visual Studio Solution File, Format Version 12.00
Project("{FAE04EC0-301F-11D3-BF4B-00C04F79EFBC}") = "Model", "Model\Model.csproj", "{654130EA-2289-465F-A009-580013309F0D}"
EndProject
Project("{FAE04EC0-301F-11D3-BF4B-00C04F79EFBC}") = "Persistence", "Persistence\Persistence.csproj", "{7174C0EB-9554-4D97-8866-C908DCA14833}"
EndProject
Project("{FAE04EC0-301F-11D3-BF4B-00C04F79EFBC}") = "Services", "Services\Services.csproj", "{7DCF0BFF-E037-408C-A5F9-9E5806B1EFD2}"
EndProject
Project("{FAE04EC0-301F-11D3-BF4B-00C04F79EFBC}") = "Server", "Server\Server.csproj", "{5864B48F-5D3C-46F3-AF45-C8F7EB50D052}"
EndProject
Project("{FAE04EC0-301F-11D3-BF4B-00C04F79EFBC}") = "Networking", "Networking\Networking.csproj", "{9FAFE7B0-00DA-4BBD-907C-73240D727918}"
EndProject
Project("{FAE04EC0-301F-11D3-BF4B-00C04F79EFBC}") = "Client", "Client\Client.csproj", "{BEDFC67F-4D30-418B-8391-82EA31328A0E}"
EndProject
Project("{FAE04EC0-301F-11D3-BF4B-00C04F79EFBC}") = "NetworkingProto", "NetworkingProto\NetworkingProto.csproj", "{B0178DC5-B893-4985-89DA-C15899555311}"
EndProject
Project("{FAE04EC0-301F-11D3-BF4B-00C04F79EFBC}") = "RestClient", "RestClient\RestClient.csproj", "{5CD115BC-2A57-45A9-85AA-089D1B846160}"
EndProject
Global
	GlobalSection(SolutionConfigurationPlatforms) = preSolution
		Debug|Any CPU = Debug|Any CPU
		Release|Any CPU = Release|Any CPU
	EndGlobalSection
	GlobalSection(ProjectConfigurationPlatforms) = postSolution
		{654130EA-2289-465F-A009-580013309F0D}.Debug|Any CPU.ActiveCfg = Debug|Any CPU
		{654130EA-2289-465F-A009-580013309F0D}.Debug|Any CPU.Build.0 = Debug|Any CPU
		{654130EA-2289-465F-A009-580013309F0D}.Release|Any CPU.ActiveCfg = Release|Any CPU
		{654130EA-2289-465F-A009-580013309F0D}.Release|Any CPU.Build.0 = Release|Any CPU
		{7174C0EB-9554-4D97-8866-C908DCA14833}.Debug|Any CPU.ActiveCfg = Debug|Any CPU
		{7174C0EB-9554-4D97-8866-C908DCA14833}.Debug|Any CPU.Build.0 = Debug|Any CPU
		{7174C0EB-9554-4D97-8866-C908DCA14833}.Release|Any CPU.ActiveCfg = Release|Any CPU
		{7174C0EB-9554-4D97-8866-C908DCA14833}.Release|Any CPU.Build.0 = Release|Any CPU
		{7DCF0BFF-E037-408C-A5F9-9E5806B1EFD2}.Debug|Any CPU.ActiveCfg = Debug|Any CPU
		{7DCF0BFF-E037-408C-A5F9-9E5806B1EFD2}.Debug|Any CPU.Build.0 = Debug|Any CPU
		{7DCF0BFF-E037-408C-A5F9-9E5806B1EFD2}.Release|Any CPU.ActiveCfg = Release|Any CPU
		{7DCF0BFF-E037-408C-A5F9-9E5806B1EFD2}.Release|Any CPU.Build.0 = Release|Any CPU
		{5864B48F-5D3C-46F3-AF45-C8F7EB50D052}.Debug|Any CPU.ActiveCfg = Debug|Any CPU
		{5864B48F-5D3C-46F3-AF45-C8F7EB50D052}.Debug|Any CPU.Build.0 = Debug|Any CPU
		{5864B48F-5D3C-46F3-AF45-C8F7EB50D052}.Release|Any CPU.ActiveCfg = Release|Any CPU
		{5864B48F-5D3C-46F3-AF45-C8F7EB50D052}.Release|Any CPU.Build.0 = Release|Any CPU
		{9FAFE7B0-00DA-4BBD-907C-73240D727918}.Debug|Any CPU.ActiveCfg = Debug|Any CPU
		{9FAFE7B0-00DA-4BBD-907C-73240D727918}.Debug|Any CPU.Build.0 = Debug|Any CPU
		{9FAFE7B0-00DA-4BBD-907C-73240D727918}.Release|Any CPU.ActiveCfg = Release|Any CPU
		{9FAFE7B0-00DA-4BBD-907C-73240D727918}.Release|Any CPU.Build.0 = Release|Any CPU
		{BEDFC67F-4D30-418B-8391-82EA31328A0E}.Debug|Any CPU.ActiveCfg = Debug|Any CPU
		{BEDFC67F-4D30-418B-8391-82EA31328A0E}.Debug|Any CPU.Build.0 = Debug|Any CPU
		{BEDFC67F-4D30-418B-8391-82EA31328A0E}.Release|Any CPU.ActiveCfg = Release|Any CPU
		{BEDFC67F-4D30-418B-8391-82EA31328A0E}.Release|Any CPU.Build.0 = Release|Any CPU
		{B0178DC5-B893-4985-89DA-C15899555311}.Debug|Any CPU.ActiveCfg = Debug|Any CPU
		{B0178DC5-B893-4985-89DA-C15899555311}.Debug|Any CPU.Build.0 = Debug|Any CPU
		{B0178DC5-B893-4985-89DA-C15899555311}.Release|Any CPU.ActiveCfg = Release|Any CPU
		{B0178DC5-B893-4985-89DA-C15899555311}.Release|Any CPU.Build.0 = Release|Any CPU
		{5CD115BC-2A57-45A9-85AA-089D1B846160}.Debug|Any CPU.ActiveCfg = Debug|Any CPU
		{5CD115BC-2A57-45A9-85AA-089D1B846160}.Debug|Any CPU.Build.0 = Debug|Any CPU
		{5CD115BC-2A57-45A9-85AA-089D1B846160}.Release|Any CPU.ActiveCfg = Release|Any CPU
		{5CD115BC-2A57-45A9-85AA-089D1B846160}.Release|Any CPU.Build.0 = Release|Any CPU
	EndGlobalSection
EndGlobal
